
Microsoft Visual Studio Solution File, Format Version 10.00
# Visual Studio 2008
Project("{FAE04EC0-301F-11D3-BF4B-00C04F79EFBC}") = "TwitDuel.UI", "TwitDuel.UI\TwitDuel.UI.csproj", "{7B30E95D-6814-48B0-A0FA-78F6E58E8466}"
EndProject
Project("{FAE04EC0-301F-11D3-BF4B-00C04F79EFBC}") = "TwitDuel.Core", "TwitDuel.Core\TwitDuel.Core.csproj", "{EF7D2B47-E13E-4BF0-BE5D-72C89C3AF1BA}"
EndProject
Project("{FAE04EC0-301F-11D3-BF4B-00C04F79EFBC}") = "TwitDuel.Specs", "TwitDuel.Specs\TwitDuel.Specs.csproj", "{73EE137A-66FB-411B-815E-C5494EC4B512}"
EndProject
Global
	GlobalSection(SolutionConfigurationPlatforms) = preSolution
		Debug|Any CPU = Debug|Any CPU
		Release|Any CPU = Release|Any CPU
	EndGlobalSection
	GlobalSection(ProjectConfigurationPlatforms) = postSolution
		{7B30E95D-6814-48B0-A0FA-78F6E58E8466}.Debug|Any CPU.ActiveCfg = Debug|Any CPU
		{7B30E95D-6814-48B0-A0FA-78F6E58E8466}.Debug|Any CPU.Build.0 = Debug|Any CPU
		{7B30E95D-6814-48B0-A0FA-78F6E58E8466}.Release|Any CPU.ActiveCfg = Release|Any CPU
		{7B30E95D-6814-48B0-A0FA-78F6E58E8466}.Release|Any CPU.Build.0 = Release|Any CPU
		{EF7D2B47-E13E-4BF0-BE5D-72C89C3AF1BA}.Debug|Any CPU.ActiveCfg = Debug|Any CPU
		{EF7D2B47-E13E-4BF0-BE5D-72C89C3AF1BA}.Debug|Any CPU.Build.0 = Debug|Any CPU
		{EF7D2B47-E13E-4BF0-BE5D-72C89C3AF1BA}.Release|Any CPU.ActiveCfg = Release|Any CPU
		{EF7D2B47-E13E-4BF0-BE5D-72C89C3AF1BA}.Release|Any CPU.Build.0 = Release|Any CPU
		{73EE137A-66FB-411B-815E-C5494EC4B512}.Debug|Any CPU.ActiveCfg = Debug|Any CPU
		{73EE137A-66FB-411B-815E-C5494EC4B512}.Debug|Any CPU.Build.0 = Debug|Any CPU
		{73EE137A-66FB-411B-815E-C5494EC4B512}.Release|Any CPU.ActiveCfg = Release|Any CPU
		{73EE137A-66FB-411B-815E-C5494EC4B512}.Release|Any CPU.Build.0 = Release|Any CPU
	EndGlobalSection
	GlobalSection(SolutionProperties) = preSolution
		HideSolutionNode = FALSE
	EndGlobalSection
EndGlobal
